# THIS IS AN AUTOGENERATED FILE. DO NOT EDIT THIS FILE DIRECTLY.
# yarn lockfile v1


async@2.6.2:
  version "2.6.2"
  resolved "https://registry.yarnpkg.com/async/-/async-2.6.2.tgz#18330ea7e6e313887f5d2f2a904bac6fe4dd5381"
  integrity sha512-H1qVYh1MYhEEFLsP97cVKqCGo7KfCyTt6uEWqsTBr9SO84oK9Uwbyd/yCW+6rKJLHksBNUVWZDAjfS+Ccx0Bbg==
  dependencies:
    lodash "^4.17.11"

axios@^0.21.1:
  version "0.21.1"
  resolved "https://registry.yarnpkg.com/axios/-/axios-0.21.1.tgz#22563481962f4d6bde9a76d516ef0e5d3c09b2b8"
  integrity sha512-dKQiRHxGD9PPRIUNIWvZhPTPpl1rf/OxTYKsqKUDjBwYylTvV7SjSHJb9ratfyzM6wCdLCOYLzs73qpg5c4iGA==
  dependencies:
    follow-redirects "^1.10.0"

dotenv@^8.1.0:
  version "8.1.0"
  resolved "https://registry.yarnpkg.com/dotenv/-/dotenv-8.1.0.tgz#d811e178652bfb8a1e593c6dd704ec7e90d85ea2"
  integrity sha512-GUE3gqcDCaMltj2++g6bRQ5rBJWtkWTmqmD0fo1RnnMuUqHNCt2oTPeDnS9n6fKYvlhn7AeBkb38lymBtWBQdA==

follow-redirects@^1.10.0:
  version "1.14.2"
  resolved "https://registry.yarnpkg.com/follow-redirects/-/follow-redirects-1.14.2.tgz#cecb825047c00f5e66b142f90fed4f515dec789b"
  integrity sha512-yLR6WaE2lbF0x4K2qE2p9PEXKLDjUjnR/xmjS3wHAYxtlsI9MLLBJUZirAHKzUZDGLxje7w/cXR49WOUo4rbsA==

lodash@^4.17.11:
  version "4.17.15"
  resolved "https://registry.yarnpkg.com/lodash/-/lodash-4.17.15.tgz#b447f6670a0455bbfeedd11392eff330ea097548"
  integrity sha512-8xOcRHvCjnocdS5cpwXQXVzmmh5e5+saE2QGoeQmbKmRS6J3VQppPOIt0MnmE+4xlZoumy0GPG0D0MVIQbNA1A==

node-wifi-scanner@^1.1.1:
  version "1.1.1"
  resolved "https://registry.yarnpkg.com/node-wifi-scanner/-/node-wifi-scanner-1.1.1.tgz#14a1e024dbdb413bb1f1c33e7ab699798b9fde91"
  integrity sha512-1oghb/zpet8WRLNMsY9hpJ2d5ii/akSGbwetpTds8rRl4C3tikQVjEmQIoueUZX68wWbnNH/Mv+w45WGSW8JCQ==
  dependencies:
    async "2.6.2"
    lodash "^4.17.11"
